
Microsoft Visual Studio Solution File, Format Version 12.00
# Visual Studio Version 16
VisualStudioVersion = 16.0.28803.202
MinimumVisualStudioVersion = 10.0.40219.1
Project("{FAE04EC0-301F-11D3-BF4B-00C04F79EFBC}") = "AppDevAssignment", "AppDevAssignment\AppDevAssignment.csproj", "{A5338840-1D71-4C37-8485-2ACF63A66AE4}"
EndProject
Global
	GlobalSection(SolutionConfigurationPlatforms) = preSolution
		Debug|Any CPU = Debug|Any CPU
		Release|Any CPU = Release|Any CPU
	EndGlobalSection
	GlobalSection(ProjectConfigurationPlatforms) = postSolution
		{A5338840-1D71-4C37-8485-2ACF63A66AE4}.Debug|Any CPU.ActiveCfg = Debug|Any CPU
		{A5338840-1D71-4C37-8485-2ACF63A66AE4}.Debug|Any CPU.Build.0 = Debug|Any CPU
		{A5338840-1D71-4C37-8485-2ACF63A66AE4}.Release|Any CPU.ActiveCfg = Release|Any CPU
		{A5338840-1D71-4C37-8485-2ACF63A66AE4}.Release|Any CPU.Build.0 = Release|Any CPU
	EndGlobalSection
	GlobalSection(SolutionProperties) = preSolution
		HideSolutionNode = FALSE
	EndGlobalSection
	GlobalSection(ExtensibilityGlobals) = postSolution
		SolutionGuid = {57317485-B879-4FC1-A27B-CF13B37DABE5}
	EndGlobalSection
EndGlobal
